
Microsoft Visual Studio Solution File, Format Version 12.00
# Visual Studio Version 17
VisualStudioVersion = 17.2.32630.192
MinimumVisualStudioVersion = 10.0.40219.1
Project("{FAE04EC0-301F-11D3-BF4B-00C04F79EFBC}") = "HomeWork_09", "HomeWork_09.csproj", "{79A48A42-8FA8-428F-AC15-6940F5A5E582}"
EndProject
Global
	GlobalSection(SolutionConfigurationPlatforms) = preSolution
		Debug|Any CPU = Debug|Any CPU
		Release|Any CPU = Release|Any CPU
	EndGlobalSection
	GlobalSection(ProjectConfigurationPlatforms) = postSolution
		{79A48A42-8FA8-428F-AC15-6940F5A5E582}.Debug|Any CPU.ActiveCfg = Debug|Any CPU
		{79A48A42-8FA8-428F-AC15-6940F5A5E582}.Debug|Any CPU.Build.0 = Debug|Any CPU
		{79A48A42-8FA8-428F-AC15-6940F5A5E582}.Release|Any CPU.ActiveCfg = Release|Any CPU
		{79A48A42-8FA8-428F-AC15-6940F5A5E582}.Release|Any CPU.Build.0 = Release|Any CPU
	EndGlobalSection
	GlobalSection(SolutionProperties) = preSolution
		HideSolutionNode = FALSE
	EndGlobalSection
	GlobalSection(ExtensibilityGlobals) = postSolution
		SolutionGuid = {38B4F90B-77CD-480E-B2D2-EB308F47FBDA}
	EndGlobalSection
EndGlobal
